
Microsoft Visual Studio Solution File, Format Version 12.00
# Visual Studio Version 17
VisualStudioVersion = 17.4.33122.133
MinimumVisualStudioVersion = 10.0.40219.1
Project("{FAE04EC0-301F-11D3-BF4B-00C04F79EFBC}") = "28.12 menu", "28.12 menu\28.12 menu.csproj", "{A7B467FE-1D62-47A7-9A9E-96FCDE9DCAE3}"
EndProject
Global
	GlobalSection(SolutionConfigurationPlatforms) = preSolution
		Debug|Any CPU = Debug|Any CPU
		Release|Any CPU = Release|Any CPU
	EndGlobalSection
	GlobalSection(ProjectConfigurationPlatforms) = postSolution
		{A7B467FE-1D62-47A7-9A9E-96FCDE9DCAE3}.Debug|Any CPU.ActiveCfg = Debug|Any CPU
		{A7B467FE-1D62-47A7-9A9E-96FCDE9DCAE3}.Debug|Any CPU.Build.0 = Debug|Any CPU
		{A7B467FE-1D62-47A7-9A9E-96FCDE9DCAE3}.Release|Any CPU.ActiveCfg = Release|Any CPU
		{A7B467FE-1D62-47A7-9A9E-96FCDE9DCAE3}.Release|Any CPU.Build.0 = Release|Any CPU
	EndGlobalSection
	GlobalSection(SolutionProperties) = preSolution
		HideSolutionNode = FALSE
	EndGlobalSection
	GlobalSection(ExtensibilityGlobals) = postSolution
		SolutionGuid = {A77D7732-9C60-49EF-9236-AE1D2707933D}
	EndGlobalSection
EndGlobal
